
Microsoft Visual Studio Solution File, Format Version 12.00
# Visual Studio Version 16
VisualStudioVersion = 16.0.30517.126
MinimumVisualStudioVersion = 10.0.40219.1
Project("{FAE04EC0-301F-11D3-BF4B-00C04F79EFBC}") = "CopyAndPasteInCanvas", "CopyAndPasteInCanvas\CopyAndPasteInCanvas.csproj", "{C5154B40-F735-43A1-9B08-23E9BF3ADE2F}"
EndProject
Global
	GlobalSection(SolutionConfigurationPlatforms) = preSolution
		Debug|Any CPU = Debug|Any CPU
		Release|Any CPU = Release|Any CPU
	EndGlobalSection
	GlobalSection(ProjectConfigurationPlatforms) = postSolution
		{C5154B40-F735-43A1-9B08-23E9BF3ADE2F}.Debug|Any CPU.ActiveCfg = Debug|Any CPU
		{C5154B40-F735-43A1-9B08-23E9BF3ADE2F}.Debug|Any CPU.Build.0 = Debug|Any CPU
		{C5154B40-F735-43A1-9B08-23E9BF3ADE2F}.Release|Any CPU.ActiveCfg = Release|Any CPU
		{C5154B40-F735-43A1-9B08-23E9BF3ADE2F}.Release|Any CPU.Build.0 = Release|Any CPU
	EndGlobalSection
	GlobalSection(SolutionProperties) = preSolution
		HideSolutionNode = FALSE
	EndGlobalSection
	GlobalSection(ExtensibilityGlobals) = postSolution
		SolutionGuid = {1DB9DF76-E43E-4C15-A231-3AD53D8CA403}
	EndGlobalSection
EndGlobal
